
Microsoft Visual Studio Solution File, Format Version 12.00
# Visual Studio 15
Project("{FAE04EC0-301F-11D3-BF4B-00C04F79EFBC}") = "AstarPathfindingProject", "AstarPathfindingProject.csproj", "{97F60BC5-B0B7-201C-C9B4-D6C118B20ABF}"
EndProject
Project("{FAE04EC0-301F-11D3-BF4B-00C04F79EFBC}") = "Assembly-CSharp", "Assembly-CSharp.csproj", "{5853C14E-B748-570C-5AFD-BDC93E7758AF}"
EndProject
Project("{FAE04EC0-301F-11D3-BF4B-00C04F79EFBC}") = "AstarPathfindingProjectEditor", "AstarPathfindingProjectEditor.csproj", "{F61AE856-4794-BF64-DC2F-A130994DCF66}"
EndProject
Project("{FAE04EC0-301F-11D3-BF4B-00C04F79EFBC}") = "PackageToolsEditor", "PackageToolsEditor.csproj", "{8D910A27-0B50-A7B2-C9D6-4A23E86C0845}"
EndProject
Global
	GlobalSection(SolutionConfigurationPlatforms) = preSolution
		Debug|Any CPU = Debug|Any CPU
		Release|Any CPU = Release|Any CPU
	EndGlobalSection
	GlobalSection(ProjectConfigurationPlatforms) = postSolution
		{97F60BC5-B0B7-201C-C9B4-D6C118B20ABF}.Debug|Any CPU.ActiveCfg = Debug|Any CPU
		{97F60BC5-B0B7-201C-C9B4-D6C118B20ABF}.Debug|Any CPU.Build.0 = Debug|Any CPU
		{97F60BC5-B0B7-201C-C9B4-D6C118B20ABF}.Release|Any CPU.ActiveCfg = Release|Any CPU
		{97F60BC5-B0B7-201C-C9B4-D6C118B20ABF}.Release|Any CPU.Build.0 = Release|Any CPU
		{5853C14E-B748-570C-5AFD-BDC93E7758AF}.Debug|Any CPU.ActiveCfg = Debug|Any CPU
		{5853C14E-B748-570C-5AFD-BDC93E7758AF}.Debug|Any CPU.Build.0 = Debug|Any CPU
		{5853C14E-B748-570C-5AFD-BDC93E7758AF}.Release|Any CPU.ActiveCfg = Release|Any CPU
		{5853C14E-B748-570C-5AFD-BDC93E7758AF}.Release|Any CPU.Build.0 = Release|Any CPU
		{F61AE856-4794-BF64-DC2F-A130994DCF66}.Debug|Any CPU.ActiveCfg = Debug|Any CPU
		{F61AE856-4794-BF64-DC2F-A130994DCF66}.Debug|Any CPU.Build.0 = Debug|Any CPU
		{F61AE856-4794-BF64-DC2F-A130994DCF66}.Release|Any CPU.ActiveCfg = Release|Any CPU
		{F61AE856-4794-BF64-DC2F-A130994DCF66}.Release|Any CPU.Build.0 = Release|Any CPU
		{8D910A27-0B50-A7B2-C9D6-4A23E86C0845}.Debug|Any CPU.ActiveCfg = Debug|Any CPU
		{8D910A27-0B50-A7B2-C9D6-4A23E86C0845}.Debug|Any CPU.Build.0 = Debug|Any CPU
		{8D910A27-0B50-A7B2-C9D6-4A23E86C0845}.Release|Any CPU.ActiveCfg = Release|Any CPU
		{8D910A27-0B50-A7B2-C9D6-4A23E86C0845}.Release|Any CPU.Build.0 = Release|Any CPU
	EndGlobalSection
	GlobalSection(SolutionProperties) = preSolution
		HideSolutionNode = FALSE
	EndGlobalSection
EndGlobal
